
Microsoft Visual Studio Solution File, Format Version 12.00
# Visual Studio Version 16
VisualStudioVersion = 16.0.31424.327
MinimumVisualStudioVersion = 10.0.40219.1
Project("{FAE04EC0-301F-11D3-BF4B-00C04F79EFBC}") = "Dikencomtr_clone", "Dikencomtr_clone\Dikencomtr_clone.csproj", "{D18ED227-BB3D-4C1A-A591-8E1275153B64}"
EndProject
Global
	GlobalSection(SolutionConfigurationPlatforms) = preSolution
		Debug|Any CPU = Debug|Any CPU
		Release|Any CPU = Release|Any CPU
	EndGlobalSection
	GlobalSection(ProjectConfigurationPlatforms) = postSolution
		{D18ED227-BB3D-4C1A-A591-8E1275153B64}.Debug|Any CPU.ActiveCfg = Debug|Any CPU
		{D18ED227-BB3D-4C1A-A591-8E1275153B64}.Debug|Any CPU.Build.0 = Debug|Any CPU
		{D18ED227-BB3D-4C1A-A591-8E1275153B64}.Release|Any CPU.ActiveCfg = Release|Any CPU
		{D18ED227-BB3D-4C1A-A591-8E1275153B64}.Release|Any CPU.Build.0 = Release|Any CPU
	EndGlobalSection
	GlobalSection(SolutionProperties) = preSolution
		HideSolutionNode = FALSE
	EndGlobalSection
	GlobalSection(ExtensibilityGlobals) = postSolution
		SolutionGuid = {4D08B52E-09A3-4E79-A6A4-270666B0B39B}
	EndGlobalSection
EndGlobal
