
Microsoft Visual Studio Solution File, Format Version 12.00
# Visual Studio Version 16
VisualStudioVersion = 16.0.31424.327
MinimumVisualStudioVersion = 10.0.40219.1
Project("{FAE04EC0-301F-11D3-BF4B-00C04F79EFBC}") = "04_Mvc_02", "04_Mvc_02\04_Mvc_02.csproj", "{248454BA-0080-40C1-915A-F93CA02A1935}"
EndProject
Global
	GlobalSection(SolutionConfigurationPlatforms) = preSolution
		Debug|Any CPU = Debug|Any CPU
		Release|Any CPU = Release|Any CPU
	EndGlobalSection
	GlobalSection(ProjectConfigurationPlatforms) = postSolution
		{248454BA-0080-40C1-915A-F93CA02A1935}.Debug|Any CPU.ActiveCfg = Debug|Any CPU
		{248454BA-0080-40C1-915A-F93CA02A1935}.Debug|Any CPU.Build.0 = Debug|Any CPU
		{248454BA-0080-40C1-915A-F93CA02A1935}.Release|Any CPU.ActiveCfg = Release|Any CPU
		{248454BA-0080-40C1-915A-F93CA02A1935}.Release|Any CPU.Build.0 = Release|Any CPU
	EndGlobalSection
	GlobalSection(SolutionProperties) = preSolution
		HideSolutionNode = FALSE
	EndGlobalSection
	GlobalSection(ExtensibilityGlobals) = postSolution
		SolutionGuid = {0B1AD361-B46C-420A-A5C5-3B9C182C8989}
	EndGlobalSection
EndGlobal
