
Microsoft Visual Studio Solution File, Format Version 12.00
# Visual Studio Version 16
VisualStudioVersion = 16.0.31424.327
MinimumVisualStudioVersion = 10.0.40219.1
Project("{FAE04EC0-301F-11D3-BF4B-00C04F79EFBC}") = "Proje_03_Data_types", "Proje_03_Data_types\Proje_03_Data_types.csproj", "{515F6262-6FB0-4410-8F5E-DA9679A91753}"
EndProject
Global
	GlobalSection(SolutionConfigurationPlatforms) = preSolution
		Debug|Any CPU = Debug|Any CPU
		Release|Any CPU = Release|Any CPU
	EndGlobalSection
	GlobalSection(ProjectConfigurationPlatforms) = postSolution
		{515F6262-6FB0-4410-8F5E-DA9679A91753}.Debug|Any CPU.ActiveCfg = Debug|Any CPU
		{515F6262-6FB0-4410-8F5E-DA9679A91753}.Debug|Any CPU.Build.0 = Debug|Any CPU
		{515F6262-6FB0-4410-8F5E-DA9679A91753}.Release|Any CPU.ActiveCfg = Release|Any CPU
		{515F6262-6FB0-4410-8F5E-DA9679A91753}.Release|Any CPU.Build.0 = Release|Any CPU
	EndGlobalSection
	GlobalSection(SolutionProperties) = preSolution
		HideSolutionNode = FALSE
	EndGlobalSection
	GlobalSection(ExtensibilityGlobals) = postSolution
		SolutionGuid = {D90D7A23-2C72-4419-BFB3-CC1CFA2AF143}
	EndGlobalSection
EndGlobal
