
Microsoft Visual Studio Solution File, Format Version 12.00
# Visual Studio Version 16
VisualStudioVersion = 16.0.31424.327
MinimumVisualStudioVersion = 10.0.40219.1
Project("{FAE04EC0-301F-11D3-BF4B-00C04F79EFBC}") = "form_01_temelkontroller", "form_01_temelkontroller\form_01_temelkontroller.csproj", "{68E56894-F236-45D6-AD85-9989C0D3F512}"
EndProject
Global
	GlobalSection(SolutionConfigurationPlatforms) = preSolution
		Debug|Any CPU = Debug|Any CPU
		Release|Any CPU = Release|Any CPU
	EndGlobalSection
	GlobalSection(ProjectConfigurationPlatforms) = postSolution
		{68E56894-F236-45D6-AD85-9989C0D3F512}.Debug|Any CPU.ActiveCfg = Debug|Any CPU
		{68E56894-F236-45D6-AD85-9989C0D3F512}.Debug|Any CPU.Build.0 = Debug|Any CPU
		{68E56894-F236-45D6-AD85-9989C0D3F512}.Release|Any CPU.ActiveCfg = Release|Any CPU
		{68E56894-F236-45D6-AD85-9989C0D3F512}.Release|Any CPU.Build.0 = Release|Any CPU
	EndGlobalSection
	GlobalSection(SolutionProperties) = preSolution
		HideSolutionNode = FALSE
	EndGlobalSection
	GlobalSection(ExtensibilityGlobals) = postSolution
		SolutionGuid = {ECD83F76-CFBE-4F7B-949B-55A99B701607}
	EndGlobalSection
EndGlobal
