
Microsoft Visual Studio Solution File, Format Version 12.00
# Visual Studio Version 16
VisualStudioVersion = 16.0.31424.327
MinimumVisualStudioVersion = 10.0.40219.1
Project("{FAE04EC0-301F-11D3-BF4B-00C04F79EFBC}") = "EF_2504.MVC", "EF_2504.MVC\EF_2504.MVC.csproj", "{AAF48450-49B6-49B5-ABFC-A36B509D495A}"
EndProject
Project("{FAE04EC0-301F-11D3-BF4B-00C04F79EFBC}") = "Ef2504.DAL", "Ef2504.DAL\Ef2504.DAL.csproj", "{48061779-5520-44DD-AEF1-042F2CE35F59}"
EndProject
Global
	GlobalSection(SolutionConfigurationPlatforms) = preSolution
		Debug|Any CPU = Debug|Any CPU
		Release|Any CPU = Release|Any CPU
	EndGlobalSection
	GlobalSection(ProjectConfigurationPlatforms) = postSolution
		{AAF48450-49B6-49B5-ABFC-A36B509D495A}.Debug|Any CPU.ActiveCfg = Debug|Any CPU
		{AAF48450-49B6-49B5-ABFC-A36B509D495A}.Debug|Any CPU.Build.0 = Debug|Any CPU
		{AAF48450-49B6-49B5-ABFC-A36B509D495A}.Release|Any CPU.ActiveCfg = Release|Any CPU
		{AAF48450-49B6-49B5-ABFC-A36B509D495A}.Release|Any CPU.Build.0 = Release|Any CPU
		{48061779-5520-44DD-AEF1-042F2CE35F59}.Debug|Any CPU.ActiveCfg = Debug|Any CPU
		{48061779-5520-44DD-AEF1-042F2CE35F59}.Debug|Any CPU.Build.0 = Debug|Any CPU
		{48061779-5520-44DD-AEF1-042F2CE35F59}.Release|Any CPU.ActiveCfg = Release|Any CPU
		{48061779-5520-44DD-AEF1-042F2CE35F59}.Release|Any CPU.Build.0 = Release|Any CPU
	EndGlobalSection
	GlobalSection(SolutionProperties) = preSolution
		HideSolutionNode = FALSE
	EndGlobalSection
	GlobalSection(ExtensibilityGlobals) = postSolution
		SolutionGuid = {B86EC104-E13B-49AB-8535-AA807D6D8519}
	EndGlobalSection
EndGlobal
