
Microsoft Visual Studio Solution File, Format Version 12.00
# Visual Studio Version 16
VisualStudioVersion = 16.0.31424.327
MinimumVisualStudioVersion = 10.0.40219.1
Project("{FAE04EC0-301F-11D3-BF4B-00C04F79EFBC}") = "Form_01", "Form_01\Form_01.csproj", "{D231C648-3CA9-4B97-994C-6470BA9E5B0C}"
EndProject
Global
	GlobalSection(SolutionConfigurationPlatforms) = preSolution
		Debug|Any CPU = Debug|Any CPU
		Release|Any CPU = Release|Any CPU
	EndGlobalSection
	GlobalSection(ProjectConfigurationPlatforms) = postSolution
		{D231C648-3CA9-4B97-994C-6470BA9E5B0C}.Debug|Any CPU.ActiveCfg = Debug|Any CPU
		{D231C648-3CA9-4B97-994C-6470BA9E5B0C}.Debug|Any CPU.Build.0 = Debug|Any CPU
		{D231C648-3CA9-4B97-994C-6470BA9E5B0C}.Release|Any CPU.ActiveCfg = Release|Any CPU
		{D231C648-3CA9-4B97-994C-6470BA9E5B0C}.Release|Any CPU.Build.0 = Release|Any CPU
	EndGlobalSection
	GlobalSection(SolutionProperties) = preSolution
		HideSolutionNode = FALSE
	EndGlobalSection
	GlobalSection(ExtensibilityGlobals) = postSolution
		SolutionGuid = {0C0186BF-0E69-4BD5-9185-FAD8C695761D}
	EndGlobalSection
EndGlobal
