
Microsoft Visual Studio Solution File, Format Version 12.00
# Visual Studio Version 16
VisualStudioVersion = 16.0.31424.327
MinimumVisualStudioVersion = 10.0.40219.1
Project("{FAE04EC0-301F-11D3-BF4B-00C04F79EFBC}") = "Quiz_16_02_2022_sabah", "Quiz_16_02_2022_sabah\Quiz_16_02_2022_sabah.csproj", "{48D62454-0200-42C1-83A9-8E90730B8E87}"
EndProject
Global
	GlobalSection(SolutionConfigurationPlatforms) = preSolution
		Debug|Any CPU = Debug|Any CPU
		Release|Any CPU = Release|Any CPU
	EndGlobalSection
	GlobalSection(ProjectConfigurationPlatforms) = postSolution
		{48D62454-0200-42C1-83A9-8E90730B8E87}.Debug|Any CPU.ActiveCfg = Debug|Any CPU
		{48D62454-0200-42C1-83A9-8E90730B8E87}.Debug|Any CPU.Build.0 = Debug|Any CPU
		{48D62454-0200-42C1-83A9-8E90730B8E87}.Release|Any CPU.ActiveCfg = Release|Any CPU
		{48D62454-0200-42C1-83A9-8E90730B8E87}.Release|Any CPU.Build.0 = Release|Any CPU
	EndGlobalSection
	GlobalSection(SolutionProperties) = preSolution
		HideSolutionNode = FALSE
	EndGlobalSection
	GlobalSection(ExtensibilityGlobals) = postSolution
		SolutionGuid = {D14EA650-5E84-4797-A6E5-BA5FCB90D939}
	EndGlobalSection
EndGlobal
