
Microsoft Visual Studio Solution File, Format Version 12.00
# Visual Studio Version 16
VisualStudioVersion = 16.0.31424.327
MinimumVisualStudioVersion = 10.0.40219.1
Project("{FAE04EC0-301F-11D3-BF4B-00C04F79EFBC}") = "Form02_SQL", "Form02_SQL\Form02_SQL.csproj", "{B1CFBEB4-E200-4778-B1B1-9C04B38A086F}"
EndProject
Global
	GlobalSection(SolutionConfigurationPlatforms) = preSolution
		Debug|Any CPU = Debug|Any CPU
		Release|Any CPU = Release|Any CPU
	EndGlobalSection
	GlobalSection(ProjectConfigurationPlatforms) = postSolution
		{B1CFBEB4-E200-4778-B1B1-9C04B38A086F}.Debug|Any CPU.ActiveCfg = Debug|Any CPU
		{B1CFBEB4-E200-4778-B1B1-9C04B38A086F}.Debug|Any CPU.Build.0 = Debug|Any CPU
		{B1CFBEB4-E200-4778-B1B1-9C04B38A086F}.Release|Any CPU.ActiveCfg = Release|Any CPU
		{B1CFBEB4-E200-4778-B1B1-9C04B38A086F}.Release|Any CPU.Build.0 = Release|Any CPU
	EndGlobalSection
	GlobalSection(SolutionProperties) = preSolution
		HideSolutionNode = FALSE
	EndGlobalSection
	GlobalSection(ExtensibilityGlobals) = postSolution
		SolutionGuid = {D9B5E412-A3B6-409C-9C0E-EB818834AB06}
	EndGlobalSection
EndGlobal
